
Microsoft Visual Studio Solution File, Format Version 12.00
# Visual Studio Version 16
VisualStudioVersion = 16.0.31019.35
MinimumVisualStudioVersion = 10.0.40219.1
Project("{FAE04EC0-301F-11D3-BF4B-00C04F79EFBC}") = "CustomerCommLib", "CustomerCommLib\CustomerCommLib.csproj", "{E165FE29-31F0-47C7-B5F2-54903033DCCA}"
EndProject
Project("{FAE04EC0-301F-11D3-BF4B-00C04F79EFBC}") = "CustomerComm.Tests", "CustomerComm.Tests\CustomerComm.Tests.csproj", "{CC027E8A-D02C-47BE-B4F8-EECD57AC534A}"
EndProject
Global
	GlobalSection(SolutionConfigurationPlatforms) = preSolution
		Debug|Any CPU = Debug|Any CPU
		Release|Any CPU = Release|Any CPU
	EndGlobalSection
	GlobalSection(ProjectConfigurationPlatforms) = postSolution
		{E165FE29-31F0-47C7-B5F2-54903033DCCA}.Debug|Any CPU.ActiveCfg = Debug|Any CPU
		{E165FE29-31F0-47C7-B5F2-54903033DCCA}.Debug|Any CPU.Build.0 = Debug|Any CPU
		{E165FE29-31F0-47C7-B5F2-54903033DCCA}.Release|Any CPU.ActiveCfg = Release|Any CPU
		{E165FE29-31F0-47C7-B5F2-54903033DCCA}.Release|Any CPU.Build.0 = Release|Any CPU
		{CC027E8A-D02C-47BE-B4F8-EECD57AC534A}.Debug|Any CPU.ActiveCfg = Debug|Any CPU
		{CC027E8A-D02C-47BE-B4F8-EECD57AC534A}.Debug|Any CPU.Build.0 = Debug|Any CPU
		{CC027E8A-D02C-47BE-B4F8-EECD57AC534A}.Release|Any CPU.ActiveCfg = Release|Any CPU
		{CC027E8A-D02C-47BE-B4F8-EECD57AC534A}.Release|Any CPU.Build.0 = Release|Any CPU
	EndGlobalSection
	GlobalSection(SolutionProperties) = preSolution
		HideSolutionNode = FALSE
	EndGlobalSection
	GlobalSection(ExtensibilityGlobals) = postSolution
		SolutionGuid = {409B0756-260B-4698-A3F8-9787F46C7CAC}
	EndGlobalSection
EndGlobal
