
Microsoft Visual Studio Solution File, Format Version 12.00
# Visual Studio Version 16
VisualStudioVersion = 16.0.31019.35
MinimumVisualStudioVersion = 10.0.40219.1
Project("{FAE04EC0-301F-11D3-BF4B-00C04F79EFBC}") = "MovieWebAPI", "MovieWebAPI\MovieWebAPI.csproj", "{D5A2131B-B3BF-4D77-926B-4675DE88C2DA}"
EndProject
Global
	GlobalSection(SolutionConfigurationPlatforms) = preSolution
		Debug|Any CPU = Debug|Any CPU
		Release|Any CPU = Release|Any CPU
	EndGlobalSection
	GlobalSection(ProjectConfigurationPlatforms) = postSolution
		{D5A2131B-B3BF-4D77-926B-4675DE88C2DA}.Debug|Any CPU.ActiveCfg = Debug|Any CPU
		{D5A2131B-B3BF-4D77-926B-4675DE88C2DA}.Debug|Any CPU.Build.0 = Debug|Any CPU
		{D5A2131B-B3BF-4D77-926B-4675DE88C2DA}.Release|Any CPU.ActiveCfg = Release|Any CPU
		{D5A2131B-B3BF-4D77-926B-4675DE88C2DA}.Release|Any CPU.Build.0 = Release|Any CPU
	EndGlobalSection
	GlobalSection(SolutionProperties) = preSolution
		HideSolutionNode = FALSE
	EndGlobalSection
	GlobalSection(ExtensibilityGlobals) = postSolution
		SolutionGuid = {032428D3-939A-4954-89CB-D8CD8D31E004}
	EndGlobalSection
EndGlobal
