
Microsoft Visual Studio Solution File, Format Version 12.00
# Visual Studio Version 16
VisualStudioVersion = 16.0.31019.35
MinimumVisualStudioVersion = 10.0.40219.1
Project("{FAE04EC0-301F-11D3-BF4B-00C04F79EFBC}") = "StudentService", "StudentService\StudentService.csproj", "{F4A21612-3109-4FAF-9398-9B8CE38BD22A}"
EndProject
Global
	GlobalSection(SolutionConfigurationPlatforms) = preSolution
		Debug|Any CPU = Debug|Any CPU
		Release|Any CPU = Release|Any CPU
	EndGlobalSection
	GlobalSection(ProjectConfigurationPlatforms) = postSolution
		{F4A21612-3109-4FAF-9398-9B8CE38BD22A}.Debug|Any CPU.ActiveCfg = Debug|Any CPU
		{F4A21612-3109-4FAF-9398-9B8CE38BD22A}.Debug|Any CPU.Build.0 = Debug|Any CPU
		{F4A21612-3109-4FAF-9398-9B8CE38BD22A}.Release|Any CPU.ActiveCfg = Release|Any CPU
		{F4A21612-3109-4FAF-9398-9B8CE38BD22A}.Release|Any CPU.Build.0 = Release|Any CPU
	EndGlobalSection
	GlobalSection(SolutionProperties) = preSolution
		HideSolutionNode = FALSE
	EndGlobalSection
	GlobalSection(ExtensibilityGlobals) = postSolution
		SolutionGuid = {7650E649-D39A-4A22-8198-9360B3CA6910}
	EndGlobalSection
EndGlobal
