
Microsoft Visual Studio Solution File, Format Version 12.00
# Visual Studio Version 16
VisualStudioVersion = 16.0.31105.61
MinimumVisualStudioVersion = 10.0.40219.1
Project("{FAE04EC0-301F-11D3-BF4B-00C04F79EFBC}") = "handson4", "handson4\handson4.csproj", "{BB13C070-B93E-4639-8C36-2C80538676C9}"
EndProject
Global
	GlobalSection(SolutionConfigurationPlatforms) = preSolution
		Debug|Any CPU = Debug|Any CPU
		Release|Any CPU = Release|Any CPU
	EndGlobalSection
	GlobalSection(ProjectConfigurationPlatforms) = postSolution
		{BB13C070-B93E-4639-8C36-2C80538676C9}.Debug|Any CPU.ActiveCfg = Debug|Any CPU
		{BB13C070-B93E-4639-8C36-2C80538676C9}.Debug|Any CPU.Build.0 = Debug|Any CPU
		{BB13C070-B93E-4639-8C36-2C80538676C9}.Release|Any CPU.ActiveCfg = Release|Any CPU
		{BB13C070-B93E-4639-8C36-2C80538676C9}.Release|Any CPU.Build.0 = Release|Any CPU
	EndGlobalSection
	GlobalSection(SolutionProperties) = preSolution
		HideSolutionNode = FALSE
	EndGlobalSection
	GlobalSection(ExtensibilityGlobals) = postSolution
		SolutionGuid = {86A50B69-2CE0-47FE-952C-30A41DC02276}
	EndGlobalSection
EndGlobal
